// !$*UTF8*$!
{
	archiveVersion = 1;
	classes = {
	};
	objectVersion = 77;
	objects = {

/* Begin PBXBuildFile section */
		9B0F7AC02DDA2B0400383502 /* Orb in Frameworks */ = {isa = PBXBuildFile; productRef = 9B0F7ABF2DDA2B0400383502 /* Orb */; };
		9B109A042D95F4EE009027E9 /* BigMetric Watch App.app in Embed Watch Content */ = {isa = PBXBuildFile; fileRef = 9B109A032D95F4EE009027E9 /* BigMetric Watch App.app */; settings = {ATTRIBUTES = (RemoveHeadersOnCopy, ); }; };
		9B2A01562DB3F20A0064CD9C /* .gitignore in Resources */ = {isa = PBXBuildFile; fileRef = 9B2A01552DB3F1F30064CD9C /* .gitignore */; };
/* End PBXBuildFile section */

/* Begin PBXContainerItemProxy section */
		9B109A052D95F4EE009027E9 /* PBXContainerItemProxy */ = {
			isa = PBXContainerItemProxy;
			containerPortal = 9B1099EE2D95F4ED009027E9 /* Project object */;
			proxyType = 1;
			remoteGlobalIDString = 9B109A022D95F4EE009027E9;
			remoteInfo = "BigMetric Watch App";
		};
/* End PBXContainerItemProxy section */

/* Begin PBXCopyFilesBuildPhase section */
		9B109A132D95F4EF009027E9 /* Embed Watch Content */ = {
			isa = PBXCopyFilesBuildPhase;
			buildActionMask = 2147483647;
			dstPath = "$(CONTENTS_FOLDER_PATH)/Watch";
			dstSubfolderSpec = 16;
			files = (
				9B109A042D95F4EE009027E9 /* BigMetric Watch App.app in Embed Watch Content */,
			);
			name = "Embed Watch Content";
			runOnlyForDeploymentPostprocessing = 0;
		};
/* End PBXCopyFilesBuildPhase section */

/* Begin PBXFileReference section */
		9B1099F62D95F4ED009027E9 /* BigMetric iOS.app */ = {isa = PBXFileReference; explicitFileType = wrapper.application; includeInIndex = 0; path = "BigMetric iOS.app"; sourceTree = BUILT_PRODUCTS_DIR; };
		9B109A032D95F4EE009027E9 /* BigMetric Watch App.app */ = {isa = PBXFileReference; explicitFileType = wrapper.application; includeInIndex = 0; path = "BigMetric Watch App.app"; sourceTree = BUILT_PRODUCTS_DIR; };
		9B2A01552DB3F1F30064CD9C /* .gitignore */ = {isa = PBXFileReference; lastKnownFileType = text; path = .gitignore; sourceTree = "<group>"; };
/* End PBXFileReference section */

/* Begin PBXFileSystemSynchronizedBuildFileExceptionSet section */
		9BEF1E312D9D8AF80023FA37 /* Exceptions for "BigMetric" folder in "BigMetric Watch App" target */ = {
			isa = PBXFileSystemSynchronizedBuildFileExceptionSet;
			membershipExceptions = (
				"Ext/Color+Ext.swift",
				Ext/WeatherGradient.swift,
			);
			target = 9B109A022D95F4EE009027E9 /* BigMetric Watch App */;
		};
		9BEFBC642D96269F00AA591E /* Exceptions for "BigMetric Watch App" folder in "BigMetric Watch App" target */ = {
			isa = PBXFileSystemSynchronizedBuildFileExceptionSet;
			membershipExceptions = (
				"Preview Content/Preview Assets.xcassets",
			);
			target = 9B109A022D95F4EE009027E9 /* BigMetric Watch App */;
		};
		9BEFBCEE2D99A2D800AA591E /* Exceptions for "BigMetric" folder in "BigMetric iOS" target */ = {
			isa = PBXFileSystemSynchronizedBuildFileExceptionSet;
			membershipExceptions = (
				InfoiOS.plist,
				InfoWatch.plist,
				"Preview Content/Preview Assets.xcassets",
			);
			target = 9B1099F52D95F4ED009027E9 /* BigMetric iOS */;
		};
		9BF79E572DD64BC30086DF70 /* Exceptions for "Global" folder in "BigMetric iOS" target */ = {
			isa = PBXFileSystemSynchronizedBuildFileExceptionSet;
			membershipExceptions = (
				AppConstants.swift,
			);
			target = 9B1099F52D95F4ED009027E9 /* BigMetric iOS */;
		};
/* End PBXFileSystemSynchronizedBuildFileExceptionSet section */

/* Begin PBXFileSystemSynchronizedRootGroup section */
		9B1099F82D95F4ED009027E9 /* BigMetric */ = {
			isa = PBXFileSystemSynchronizedRootGroup;
			exceptions = (
				9BEFBCEE2D99A2D800AA591E /* Exceptions for "BigMetric" folder in "BigMetric iOS" target */,
				9BEF1E312D9D8AF80023FA37 /* Exceptions for "BigMetric" folder in "BigMetric Watch App" target */,
			);
			path = BigMetric;
			sourceTree = "<group>";
		};
		9B109A072D95F4EE009027E9 /* BigMetric Watch App */ = {
			isa = PBXFileSystemSynchronizedRootGroup;
			exceptions = (
				9BEFBC642D96269F00AA591E /* Exceptions for "BigMetric Watch App" folder in "BigMetric Watch App" target */,
			);
			path = "BigMetric Watch App";
			sourceTree = "<group>";
		};
		9BBE249E2DBA850200DCC5B6 /* Fonts */ = {
			isa = PBXFileSystemSynchronizedRootGroup;
			path = Fonts;
			sourceTree = "<group>";
		};
		9BF79E562DD64BA90086DF70 /* Global */ = {
			isa = PBXFileSystemSynchronizedRootGroup;
			exceptions = (
				9BF79E572DD64BC30086DF70 /* Exceptions for "Global" folder in "BigMetric iOS" target */,
			);
			path = Global;
			sourceTree = "<group>";
		};
/* End PBXFileSystemSynchronizedRootGroup section */

/* Begin PBXFrameworksBuildPhase section */
		9B1099F32D95F4ED009027E9 /* Frameworks */ = {
			isa = PBXFrameworksBuildPhase;
			buildActionMask = 2147483647;
			files = (
			);
			runOnlyForDeploymentPostprocessing = 0;
		};
		9B109A002D95F4EE009027E9 /* Frameworks */ = {
			isa = PBXFrameworksBuildPhase;
			buildActionMask = 2147483647;
			files = (
				9B0F7AC02DDA2B0400383502 /* Orb in Frameworks */,
			);
			runOnlyForDeploymentPostprocessing = 0;
		};
/* End PBXFrameworksBuildPhase section */

/* Begin PBXGroup section */
		9B1099ED2D95F4ED009027E9 = {
			isa = PBXGroup;
			children = (
				9BF79E562DD64BA90086DF70 /* Global */,
				9BBE249E2DBA850200DCC5B6 /* Fonts */,
				9B2A01552DB3F1F30064CD9C /* .gitignore */,
				9B1099F82D95F4ED009027E9 /* BigMetric */,
				9B109A072D95F4EE009027E9 /* BigMetric Watch App */,
				9B1099F72D95F4ED009027E9 /* Products */,
			);
			sourceTree = "<group>";
		};
		9B1099F72D95F4ED009027E9 /* Products */ = {
			isa = PBXGroup;
			children = (
				9B1099F62D95F4ED009027E9 /* BigMetric iOS.app */,
				9B109A032D95F4EE009027E9 /* BigMetric Watch App.app */,
			);
			name = Products;
			sourceTree = "<group>";
		};
/* End PBXGroup section */

/* Begin PBXNativeTarget section */
		9B1099F52D95F4ED009027E9 /* BigMetric iOS */ = {
			isa = PBXNativeTarget;
			buildConfigurationList = 9B109A142D95F4EF009027E9 /* Build configuration list for PBXNativeTarget "BigMetric iOS" */;
			buildPhases = (
				9B1099F22D95F4ED009027E9 /* Sources */,
				9B1099F32D95F4ED009027E9 /* Frameworks */,
				9B1099F42D95F4ED009027E9 /* Resources */,
				9B109A132D95F4EF009027E9 /* Embed Watch Content */,
			);
			buildRules = (
			);
			dependencies = (
				9B109A062D95F4EE009027E9 /* PBXTargetDependency */,
			);
			fileSystemSynchronizedGroups = (
				9B1099F82D95F4ED009027E9 /* BigMetric */,
			);
			name = "BigMetric iOS";
			packageProductDependencies = (
			);
			productName = BigMetric;
			productReference = 9B1099F62D95F4ED009027E9 /* BigMetric iOS.app */;
			productType = "com.apple.product-type.application";
		};
		9B109A022D95F4EE009027E9 /* BigMetric Watch App */ = {
			isa = PBXNativeTarget;
			buildConfigurationList = 9B109A102D95F4EF009027E9 /* Build configuration list for PBXNativeTarget "BigMetric Watch App" */;
			buildPhases = (
				9B1099FF2D95F4EE009027E9 /* Sources */,
				9B109A002D95F4EE009027E9 /* Frameworks */,
				9B109A012D95F4EE009027E9 /* Resources */,
			);
			buildRules = (
			);
			dependencies = (
			);
			fileSystemSynchronizedGroups = (
				9B109A072D95F4EE009027E9 /* BigMetric Watch App */,
				9BBE249E2DBA850200DCC5B6 /* Fonts */,
				9BF79E562DD64BA90086DF70 /* Global */,
			);
			name = "BigMetric Watch App";
			packageProductDependencies = (
				9B109AAF2D95FC5A009027E9 /* Orb */,
				9BB243D12D9F411F00DBAC7D /* Orb */,
				9B72CDD12D9F6F1400AFECE0 /* Orb */,
				9B72CDD42D9F6F4400AFECE0 /* Orb */,
				9B46E6842DA05CC2001AA5BD /* Orb */,
				9BFD973E2DB1EE06001F7158 /* Orb */,
				9BFD98342DB27894001F7158 /* Orb */,
				9B2A01532DB2A8360064CD9C /* Orb */,
				9B71E3A92DC25C03007C35EA /* Orb */,
				9BF79E542DD6384D0086DF70 /* Orb */,
				9B0F7ABF2DDA2B0400383502 /* Orb */,
			);
			productName = "BigMetric Watch App";
			productReference = 9B109A032D95F4EE009027E9 /* BigMetric Watch App.app */;
			productType = "com.apple.product-type.application";
		};
/* End PBXNativeTarget section */

/* Begin PBXProject section */
		9B1099EE2D95F4ED009027E9 /* Project object */ = {
			isa = PBXProject;
			attributes = {
				BuildIndependentTargetsInParallel = 1;
				LastSwiftUpdateCheck = 1630;
				LastUpgradeCheck = 1640;
				TargetAttributes = {
					9B1099F52D95F4ED009027E9 = {
						CreatedOnToolsVersion = 16.3;
						LastSwiftMigration = 1630;
					};
					9B109A022D95F4EE009027E9 = {
						CreatedOnToolsVersion = 16.3;
					};
				};
			};
			buildConfigurationList = 9B1099F12D95F4ED009027E9 /* Build configuration list for PBXProject "BigMetric" */;
			developmentRegion = en;
			hasScannedForEncodings = 0;
			knownRegions = (
				en,
				Base,
			);
			mainGroup = 9B1099ED2D95F4ED009027E9;
			minimizedProjectReferenceProxies = 1;
			packageReferences = (
				9B0F7ABE2DDA2B0400383502 /* XCLocalSwiftPackageReference "BigMetric/Orb" */,
			);
			preferredProjectObjectVersion = 77;
			productRefGroup = 9B1099F72D95F4ED009027E9 /* Products */;
			projectDirPath = "";
			projectRoot = "";
			targets = (
				9B1099F52D95F4ED009027E9 /* BigMetric iOS */,
				9B109A022D95F4EE009027E9 /* BigMetric Watch App */,
			);
		};
/* End PBXProject section */

/* Begin PBXResourcesBuildPhase section */
		9B1099F42D95F4ED009027E9 /* Resources */ = {
			isa = PBXResourcesBuildPhase;
			buildActionMask = 2147483647;
			files = (
			);
			runOnlyForDeploymentPostprocessing = 0;
		};
		9B109A012D95F4EE009027E9 /* Resources */ = {
			isa = PBXResourcesBuildPhase;
			buildActionMask = 2147483647;
			files = (
				9B2A01562DB3F20A0064CD9C /* .gitignore in Resources */,
			);
			runOnlyForDeploymentPostprocessing = 0;
		};
/* End PBXResourcesBuildPhase section */

/* Begin PBXSourcesBuildPhase section */
		9B1099F22D95F4ED009027E9 /* Sources */ = {
			isa = PBXSourcesBuildPhase;
			buildActionMask = 2147483647;
			files = (
			);
			runOnlyForDeploymentPostprocessing = 0;
		};
		9B1099FF2D95F4EE009027E9 /* Sources */ = {
			isa = PBXSourcesBuildPhase;
			buildActionMask = 2147483647;
			files = (
			);
			runOnlyForDeploymentPostprocessing = 0;
		};
/* End PBXSourcesBuildPhase section */

/* Begin PBXTargetDependency section */
		9B109A062D95F4EE009027E9 /* PBXTargetDependency */ = {
			isa = PBXTargetDependency;
			target = 9B109A022D95F4EE009027E9 /* BigMetric Watch App */;
			targetProxy = 9B109A052D95F4EE009027E9 /* PBXContainerItemProxy */;
		};
/* End PBXTargetDependency section */

/* Begin XCBuildConfiguration section */
		9B109A0E2D95F4EF009027E9 /* Debug */ = {
			isa = XCBuildConfiguration;
			buildSettings = {
				ALWAYS_SEARCH_USER_PATHS = NO;
				ASSETCATALOG_COMPILER_GENERATE_SWIFT_ASSET_SYMBOL_EXTENSIONS = YES;
				CLANG_ANALYZER_NONNULL = YES;
				CLANG_ANALYZER_NUMBER_OBJECT_CONVERSION = YES_AGGRESSIVE;
				CLANG_CXX_LANGUAGE_STANDARD = "gnu++20";
				CLANG_ENABLE_MODULES = YES;
				CLANG_ENABLE_OBJC_ARC = YES;
				CLANG_ENABLE_OBJC_WEAK = YES;
				CLANG_WARN_BLOCK_CAPTURE_AUTORELEASING = YES;
				CLANG_WARN_BOOL_CONVERSION = YES;
				CLANG_WARN_COMMA = YES;
				CLANG_WARN_CONSTANT_CONVERSION = YES;
				CLANG_WARN_DEPRECATED_OBJC_IMPLEMENTATIONS = YES;
				CLANG_WARN_DIRECT_OBJC_ISA_USAGE = YES_ERROR;
				CLANG_WARN_DOCUMENTATION_COMMENTS = YES;
				CLANG_WARN_EMPTY_BODY = YES;
				CLANG_WARN_ENUM_CONVERSION = YES;
				CLANG_WARN_INFINITE_RECURSION = YES;
				CLANG_WARN_INT_CONVERSION = YES;
				CLANG_WARN_NON_LITERAL_NULL_CONVERSION = YES;
				CLANG_WARN_OBJC_IMPLICIT_RETAIN_SELF = YES;
				CLANG_WARN_OBJC_LITERAL_CONVERSION = YES;
				CLANG_WARN_OBJC_ROOT_CLASS = YES_ERROR;
				CLANG_WARN_QUOTED_INCLUDE_IN_FRAMEWORK_HEADER = YES;
				CLANG_WARN_RANGE_LOOP_ANALYSIS = YES;
				CLANG_WARN_STRICT_PROTOTYPES = YES;
				CLANG_WARN_SUSPICIOUS_MOVE = YES;
				CLANG_WARN_UNGUARDED_AVAILABILITY = YES_AGGRESSIVE;
				CLANG_WARN_UNREACHABLE_CODE = YES;
				CLANG_WARN__DUPLICATE_METHOD_MATCH = YES;
				COPY_PHASE_STRIP = NO;
				DEAD_CODE_STRIPPING = YES;
				DEBUG_INFORMATION_FORMAT = dwarf;
				DEVELOPMENT_TEAM = KP3ZH5K2SY;
				ENABLE_STRICT_OBJC_MSGSEND = YES;
				ENABLE_TESTABILITY = YES;
				ENABLE_USER_SCRIPT_SANDBOXING = YES;
				GCC_C_LANGUAGE_STANDARD = gnu17;
				GCC_DYNAMIC_NO_PIC = NO;
				GCC_NO_COMMON_BLOCKS = YES;
				GCC_OPTIMIZATION_LEVEL = 0;
				GCC_PREPROCESSOR_DEFINITIONS = (
					"DEBUG=1",
					"$(inherited)",
				);
				GCC_WARN_64_TO_32_BIT_CONVERSION = YES;
				GCC_WARN_ABOUT_RETURN_TYPE = YES_ERROR;
				GCC_WARN_UNDECLARED_SELECTOR = YES;
				GCC_WARN_UNINITIALIZED_AUTOS = YES_AGGRESSIVE;
				GCC_WARN_UNUSED_FUNCTION = YES;
				GCC_WARN_UNUSED_VARIABLE = YES;
				LOCALIZATION_PREFERS_STRING_CATALOGS = YES;
				MTL_ENABLE_DEBUG_INFO = INCLUDE_SOURCE;
				MTL_FAST_MATH = YES;
				ONLY_ACTIVE_ARCH = YES;
				SWIFT_ACTIVE_COMPILATION_CONDITIONS = "DEBUG $(inherited)";
				SWIFT_OPTIMIZATION_LEVEL = "-Onone";
			};
			name = Debug;
		};
		9B109A0F2D95F4EF009027E9 /* Release */ = {
			isa = XCBuildConfiguration;
			buildSettings = {
				ALWAYS_SEARCH_USER_PATHS = NO;
				ASSETCATALOG_COMPILER_GENERATE_SWIFT_ASSET_SYMBOL_EXTENSIONS = YES;
				CLANG_ANALYZER_NONNULL = YES;
				CLANG_ANALYZER_NUMBER_OBJECT_CONVERSION = YES_AGGRESSIVE;
				CLANG_CXX_LANGUAGE_STANDARD = "gnu++20";
				CLANG_ENABLE_MODULES = YES;
				CLANG_ENABLE_OBJC_ARC = YES;
				CLANG_ENABLE_OBJC_WEAK = YES;
				CLANG_WARN_BLOCK_CAPTURE_AUTORELEASING = YES;
				CLANG_WARN_BOOL_CONVERSION = YES;
				CLANG_WARN_COMMA = YES;
				CLANG_WARN_CONSTANT_CONVERSION = YES;
				CLANG_WARN_DEPRECATED_OBJC_IMPLEMENTATIONS = YES;
				CLANG_WARN_DIRECT_OBJC_ISA_USAGE = YES_ERROR;
				CLANG_WARN_DOCUMENTATION_COMMENTS = YES;
				CLANG_WARN_EMPTY_BODY = YES;
				CLANG_WARN_ENUM_CONVERSION = YES;
				CLANG_WARN_INFINITE_RECURSION = YES;
				CLANG_WARN_INT_CONVERSION = YES;
				CLANG_WARN_NON_LITERAL_NULL_CONVERSION = YES;
				CLANG_WARN_OBJC_IMPLICIT_RETAIN_SELF = YES;
				CLANG_WARN_OBJC_LITERAL_CONVERSION = YES;
				CLANG_WARN_OBJC_ROOT_CLASS = YES_ERROR;
				CLANG_WARN_QUOTED_INCLUDE_IN_FRAMEWORK_HEADER = YES;
				CLANG_WARN_RANGE_LOOP_ANALYSIS = YES;
				CLANG_WARN_STRICT_PROTOTYPES = YES;
				CLANG_WARN_SUSPICIOUS_MOVE = YES;
				CLANG_WARN_UNGUARDED_AVAILABILITY = YES_AGGRESSIVE;
				CLANG_WARN_UNREACHABLE_CODE = YES;
				CLANG_WARN__DUPLICATE_METHOD_MATCH = YES;
				COPY_PHASE_STRIP = NO;
				DEAD_CODE_STRIPPING = YES;
				DEBUG_INFORMATION_FORMAT = "dwarf-with-dsym";
				DEVELOPMENT_TEAM = KP3ZH5K2SY;
				ENABLE_NS_ASSERTIONS = NO;
				ENABLE_STRICT_OBJC_MSGSEND = YES;
				ENABLE_USER_SCRIPT_SANDBOXING = YES;
				GCC_C_LANGUAGE_STANDARD = gnu17;
				GCC_NO_COMMON_BLOCKS = YES;
				GCC_WARN_64_TO_32_BIT_CONVERSION = YES;
				GCC_WARN_ABOUT_RETURN_TYPE = YES_ERROR;
				GCC_WARN_UNDECLARED_SELECTOR = YES;
				GCC_WARN_UNINITIALIZED_AUTOS = YES_AGGRESSIVE;
				GCC_WARN_UNUSED_FUNCTION = YES;
				GCC_WARN_UNUSED_VARIABLE = YES;
				LOCALIZATION_PREFERS_STRING_CATALOGS = YES;
				MTL_ENABLE_DEBUG_INFO = NO;
				MTL_FAST_MATH = YES;
				SWIFT_COMPILATION_MODE = wholemodule;
			};
			name = Release;
		};
		9B109A112D95F4EF009027E9 /* Debug */ = {
			isa = XCBuildConfiguration;
			buildSettings = {
				ASSETCATALOG_COMPILER_APPICON_NAME = AppIcon;
				ASSETCATALOG_COMPILER_GLOBAL_ACCENT_COLOR_NAME = AccentColor;
				CODE_SIGN_ENTITLEMENTS = "BigMetric Watch App/BigMetric Watch App.entitlements";
				CODE_SIGN_STYLE = Automatic;
				CURRENT_PROJECT_VERSION = 1;
				DEVELOPMENT_TEAM = KP3ZH5K2SY;
				ENABLE_PREVIEWS = YES;
				GENERATE_INFOPLIST_FILE = NO;
				INFOPLIST_FILE = BigMetric/InfoWatch.plist;
				INFOPLIST_KEY_CFBundleDisplayName = BigMetric;
				INFOPLIST_KEY_UISupportedInterfaceOrientations = "UIInterfaceOrientationPortrait UIInterfaceOrientationPortraitUpsideDown";
				INFOPLIST_KEY_WKCompanionAppBundleIdentifier = com.grantperry.BigMetric;
				LD_RUNPATH_SEARCH_PATHS = (
					"$(inherited)",
					"@executable_path/Frameworks",
				);
				MARKETING_VERSION = 2.93.1;
				PRODUCT_BUNDLE_IDENTIFIER = com.grantperry.BigMetric.watchkitapp;
				PRODUCT_NAME = "$(TARGET_NAME)";
				SDKROOT = watchos;
				SKIP_INSTALL = YES;
				SWIFT_EMIT_LOC_STRINGS = YES;
				SWIFT_VERSION = 5.0;
				TARGETED_DEVICE_FAMILY = 4;
				WATCHOS_DEPLOYMENT_TARGET = 11.0;
			};
			name = Debug;
		};
		9B109A122D95F4EF009027E9 /* Release */ = {
			isa = XCBuildConfiguration;
			buildSettings = {
				ASSETCATALOG_COMPILER_APPICON_NAME = AppIcon;
				ASSETCATALOG_COMPILER_GLOBAL_ACCENT_COLOR_NAME = AccentColor;
				CODE_SIGN_ENTITLEMENTS = "BigMetric Watch App/BigMetric Watch App.entitlements";
				CODE_SIGN_STYLE = Automatic;
				CURRENT_PROJECT_VERSION = 1;
				DEVELOPMENT_TEAM = KP3ZH5K2SY;
				ENABLE_PREVIEWS = YES;
				GENERATE_INFOPLIST_FILE = NO;
				INFOPLIST_FILE = BigMetric/InfoWatch.plist;
				INFOPLIST_KEY_CFBundleDisplayName = BigMetric;
				INFOPLIST_KEY_UISupportedInterfaceOrientations = "UIInterfaceOrientationPortrait UIInterfaceOrientationPortraitUpsideDown";
				INFOPLIST_KEY_WKCompanionAppBundleIdentifier = com.grantperry.BigMetric;
				LD_RUNPATH_SEARCH_PATHS = (
					"$(inherited)",
					"@executable_path/Frameworks",
				);
				MARKETING_VERSION = 2.93.1;
				PRODUCT_BUNDLE_IDENTIFIER = com.grantperry.BigMetric.watchkitapp;
				PRODUCT_NAME = "$(TARGET_NAME)";
				SDKROOT = watchos;
				SKIP_INSTALL = YES;
				SWIFT_EMIT_LOC_STRINGS = YES;
				SWIFT_VERSION = 5.0;
				TARGETED_DEVICE_FAMILY = 4;
				VALIDATE_PRODUCT = YES;
				WATCHOS_DEPLOYMENT_TARGET = 11.0;
			};
			name = Release;
		};
		9B109A152D95F4EF009027E9 /* Debug */ = {
			isa = XCBuildConfiguration;
			buildSettings = {
				ASSETCATALOG_COMPILER_APPICON_NAME = AppIcon;
				ASSETCATALOG_COMPILER_GLOBAL_ACCENT_COLOR_NAME = AccentColor;
				CLANG_ENABLE_MODULES = YES;
				CODE_SIGN_ENTITLEMENTS = BigMetric/BigMetric.entitlements;
				CODE_SIGN_STYLE = Automatic;
				CURRENT_PROJECT_VERSION = 1;
				DEVELOPMENT_TEAM = KP3ZH5K2SY;
				ENABLE_PREVIEWS = YES;
				GENERATE_INFOPLIST_FILE = NO;
				INFOPLIST_FILE = BigMetric/InfoiOS.plist;
				INFOPLIST_KEY_CFBundleDisplayName = BigMetric;
				INFOPLIST_KEY_UIApplicationSceneManifest_Generation = YES;
				INFOPLIST_KEY_UIApplicationSupportsIndirectInputEvents = YES;
				INFOPLIST_KEY_UILaunchScreen_Generation = YES;
				INFOPLIST_KEY_UISupportedInterfaceOrientations_iPad = "UIInterfaceOrientationPortrait UIInterfaceOrientationPortraitUpsideDown UIInterfaceOrientationLandscapeLeft UIInterfaceOrientationLandscapeRight";
				INFOPLIST_KEY_UISupportedInterfaceOrientations_iPhone = "UIInterfaceOrientationPortrait UIInterfaceOrientationLandscapeLeft UIInterfaceOrientationLandscapeRight";
				IPHONEOS_DEPLOYMENT_TARGET = 18.0;
				LD_RUNPATH_SEARCH_PATHS = (
					"$(inherited)",
					"@executable_path/Frameworks",
				);
				MARKETING_VERSION = 2.93;
				PRODUCT_BUNDLE_IDENTIFIER = com.grantperry.BigMetric;
				PRODUCT_NAME = "$(TARGET_NAME)";
				SDKROOT = iphoneos;
				SUPPORTED_PLATFORMS = "iphoneos iphonesimulator";
				SUPPORTS_MACCATALYST = NO;
				SUPPORTS_XR_DESIGNED_FOR_IPHONE_IPAD = NO;
				SWIFT_EMIT_LOC_STRINGS = YES;
				SWIFT_OPTIMIZATION_LEVEL = "-Onone";
				SWIFT_VERSION = 5.0;
				TARGETED_DEVICE_FAMILY = 1;
			};
			name = Debug;
		};
		9B109A162D95F4EF009027E9 /* Release */ = {
			isa = XCBuildConfiguration;
			buildSettings = {
				ASSETCATALOG_COMPILER_APPICON_NAME = AppIcon;
				ASSETCATALOG_COMPILER_GLOBAL_ACCENT_COLOR_NAME = AccentColor;
				CLANG_ENABLE_MODULES = YES;
				CODE_SIGN_ENTITLEMENTS = BigMetric/BigMetric.entitlements;
				CODE_SIGN_STYLE = Automatic;
				CURRENT_PROJECT_VERSION = 1;
				DEVELOPMENT_TEAM = KP3ZH5K2SY;
				ENABLE_PREVIEWS = YES;
				GENERATE_INFOPLIST_FILE = NO;
				INFOPLIST_FILE = BigMetric/InfoiOS.plist;
				INFOPLIST_KEY_CFBundleDisplayName = BigMetric;
				INFOPLIST_KEY_UIApplicationSceneManifest_Generation = YES;
				INFOPLIST_KEY_UIApplicationSupportsIndirectInputEvents = YES;
				INFOPLIST_KEY_UILaunchScreen_Generation = YES;
				INFOPLIST_KEY_UISupportedInterfaceOrientations_iPad = "UIInterfaceOrientationPortrait UIInterfaceOrientationPortraitUpsideDown UIInterfaceOrientationLandscapeLeft UIInterfaceOrientationLandscapeRight";
				INFOPLIST_KEY_UISupportedInterfaceOrientations_iPhone = "UIInterfaceOrientationPortrait UIInterfaceOrientationLandscapeLeft UIInterfaceOrientationLandscapeRight";
				IPHONEOS_DEPLOYMENT_TARGET = 18.0;
				LD_RUNPATH_SEARCH_PATHS = (
					"$(inherited)",
					"@executable_path/Frameworks",
				);
				MARKETING_VERSION = 2.93;
				PRODUCT_BUNDLE_IDENTIFIER = com.grantperry.BigMetric;
				PRODUCT_NAME = "$(TARGET_NAME)";
				SDKROOT = iphoneos;
				SUPPORTED_PLATFORMS = "iphoneos iphonesimulator";
				SUPPORTS_MACCATALYST = NO;
				SUPPORTS_XR_DESIGNED_FOR_IPHONE_IPAD = NO;
				SWIFT_EMIT_LOC_STRINGS = YES;
				SWIFT_VERSION = 5.0;
				TARGETED_DEVICE_FAMILY = 1;
				VALIDATE_PRODUCT = YES;
			};
			name = Release;
		};
/* End XCBuildConfiguration section */

/* Begin XCConfigurationList section */
		9B1099F12D95F4ED009027E9 /* Build configuration list for PBXProject "BigMetric" */ = {
			isa = XCConfigurationList;
			buildConfigurations = (
				9B109A0E2D95F4EF009027E9 /* Debug */,
				9B109A0F2D95F4EF009027E9 /* Release */,
			);
			defaultConfigurationIsVisible = 0;
			defaultConfigurationName = Release;
		};
		9B109A102D95F4EF009027E9 /* Build configuration list for PBXNativeTarget "BigMetric Watch App" */ = {
			isa = XCConfigurationList;
			buildConfigurations = (
				9B109A112D95F4EF009027E9 /* Debug */,
				9B109A122D95F4EF009027E9 /* Release */,
			);
			defaultConfigurationIsVisible = 0;
			defaultConfigurationName = Release;
		};
		9B109A142D95F4EF009027E9 /* Build configuration list for PBXNativeTarget "BigMetric iOS" */ = {
			isa = XCConfigurationList;
			buildConfigurations = (
				9B109A152D95F4EF009027E9 /* Debug */,
				9B109A162D95F4EF009027E9 /* Release */,
			);
			defaultConfigurationIsVisible = 0;
			defaultConfigurationName = Release;
		};
/* End XCConfigurationList section */

/* Begin XCLocalSwiftPackageReference section */
		9B0F7ABE2DDA2B0400383502 /* XCLocalSwiftPackageReference "BigMetric/Orb" */ = {
			isa = XCLocalSwiftPackageReference;
			relativePath = BigMetric/Orb;
		};
/* End XCLocalSwiftPackageReference section */

/* Begin XCSwiftPackageProductDependency section */
		9B0F7ABF2DDA2B0400383502 /* Orb */ = {
			isa = XCSwiftPackageProductDependency;
			productName = Orb;
		};
		9B109AAF2D95FC5A009027E9 /* Orb */ = {
			isa = XCSwiftPackageProductDependency;
			productName = Orb;
		};
		9B2A01532DB2A8360064CD9C /* Orb */ = {
			isa = XCSwiftPackageProductDependency;
			productName = Orb;
		};
		9B46E6842DA05CC2001AA5BD /* Orb */ = {
			isa = XCSwiftPackageProductDependency;
			productName = Orb;
		};
		9B71E3A92DC25C03007C35EA /* Orb */ = {
			isa = XCSwiftPackageProductDependency;
			productName = Orb;
		};
		9B72CDD12D9F6F1400AFECE0 /* Orb */ = {
			isa = XCSwiftPackageProductDependency;
			productName = Orb;
		};
		9B72CDD42D9F6F4400AFECE0 /* Orb */ = {
			isa = XCSwiftPackageProductDependency;
			productName = Orb;
		};
		9BB243D12D9F411F00DBAC7D /* Orb */ = {
			isa = XCSwiftPackageProductDependency;
			productName = Orb;
		};
		9BF79E542DD6384D0086DF70 /* Orb */ = {
			isa = XCSwiftPackageProductDependency;
			productName = Orb;
		};
		9BFD973E2DB1EE06001F7158 /* Orb */ = {
			isa = XCSwiftPackageProductDependency;
			productName = Orb;
		};
		9BFD98342DB27894001F7158 /* Orb */ = {
			isa = XCSwiftPackageProductDependency;
			productName = Orb;
		};
/* End XCSwiftPackageProductDependency section */
	};
	rootObject = 9B1099EE2D95F4ED009027E9 /* Project object */;
}
